
Microsoft Visual Studio Solution File, Format Version 12.00
# Visual Studio Version 17
VisualStudioVersion = 17.3.32825.248
MinimumVisualStudioVersion = 10.0.40219.1
Project("{2150E333-8FDC-42A3-9474-1A3956D46DE8}") = "FrontEnd", "FrontEnd", "{54D52FD3-0A95-47C4-BD3C-84F26F66F730}"
EndProject
Project("{9A19103F-16F7-4668-BE54-9A1E7A4F7556}") = "Cheese.Web", "Cheese.Web\Cheese.Web.csproj", "{6033D527-EA0F-42C0-A7DC-B93F5C4D104B}"
EndProject
Project("{2150E333-8FDC-42A3-9474-1A3956D46DE8}") = "Services", "Services", "{E182B750-70C9-4E40-9421-19887F8B9CB0}"
EndProject
Project("{9A19103F-16F7-4668-BE54-9A1E7A4F7556}") = "Cheese.Services.ProductAPI", "Cheese.Services.ProductAPI\Cheese.Services.ProductAPI.csproj", "{096AED12-0B5F-4691-9D20-B27B13D78A88}"
EndProject
Project("{9A19103F-16F7-4668-BE54-9A1E7A4F7556}") = "Cheese.Services.Identity", "Cheese.Services.Identity\Cheese.Services.Identity.csproj", "{231D16C8-9B01-4E38-8CE4-1616F4AEE26A}"
EndProject
Project("{9A19103F-16F7-4668-BE54-9A1E7A4F7556}") = "Cheese.Services.ShoppingCartAPI", "Cheese.Services.ShoppingCartAPI\Cheese.Services.ShoppingCartAPI.csproj", "{CC2EC254-9148-46A9-8AB7-38B89B3A32A7}"
EndProject
Project("{9A19103F-16F7-4668-BE54-9A1E7A4F7556}") = "Cheese.Services.CouponAPI", "Cheese.Services.CouponAPI\Cheese.Services.CouponAPI.csproj", "{01B5D5D7-7A26-4843-AEAF-8E195D5134A3}"
EndProject
Project("{2150E333-8FDC-42A3-9474-1A3956D46DE8}") = "Integration", "Integration", "{993C2CC4-7F5B-4E30-B659-35262DE6E082}"
EndProject
Project("{9A19103F-16F7-4668-BE54-9A1E7A4F7556}") = "Cheese.MessageBus", "Cheese.MessageBus\Cheese.MessageBus.csproj", "{82403437-51A8-4B93-A9DC-4502C25A4454}"
EndProject
Project("{9A19103F-16F7-4668-BE54-9A1E7A4F7556}") = "Cheese.Services.OrderAPI", "Cheese.Services.OrderAPI\Cheese.Services.OrderAPI.csproj", "{76D36FCB-AD89-427E-AFF1-5F44075D1019}"
EndProject
Project("{2150E333-8FDC-42A3-9474-1A3956D46DE8}") = "Payments", "Payments", "{E1B94DD2-53D9-4AF5-BA9C-5C8B537E0489}"
EndProject
Project("{9A19103F-16F7-4668-BE54-9A1E7A4F7556}") = "PaymentProcessor", "PaymentProcessor\PaymentProcessor.csproj", "{22F6AAC7-A166-41B0-963C-EE0ED2A547B0}"
EndProject
Project("{FAE04EC0-301F-11D3-BF4B-00C04F79EFBC}") = "Cheese.Services.PaymentAPI", "Cheese.Services.PaymentAPI\Cheese.Services.PaymentAPI.csproj", "{186238DC-1112-470A-B8C0-4BECA41C4A7D}"
EndProject
Project("{FAE04EC0-301F-11D3-BF4B-00C04F79EFBC}") = "Cheese.Services.Email", "Cheese.Services.Email\Cheese.Services.Email.csproj", "{1B6A8175-22BA-4C11-A05A-4D077027B1F7}"
EndProject
Project("{2150E333-8FDC-42A3-9474-1A3956D46DE8}") = "Gateway", "Gateway", "{265158D7-F21D-4582-90E7-F05038F17B07}"
EndProject
Project("{FAE04EC0-301F-11D3-BF4B-00C04F79EFBC}") = "CheeseGatewaySolution", "CheeseGatewaySolution\CheeseGatewaySolution.csproj", "{92C2DAB2-5141-43BA-8FFD-93B8B8B9EB0E}"
EndProject
Global
	GlobalSection(SolutionConfigurationPlatforms) = preSolution
		Debug|Any CPU = Debug|Any CPU
		Release|Any CPU = Release|Any CPU
	EndGlobalSection
	GlobalSection(ProjectConfigurationPlatforms) = postSolution
		{6033D527-EA0F-42C0-A7DC-B93F5C4D104B}.Debug|Any CPU.ActiveCfg = Debug|Any CPU
		{6033D527-EA0F-42C0-A7DC-B93F5C4D104B}.Debug|Any CPU.Build.0 = Debug|Any CPU
		{6033D527-EA0F-42C0-A7DC-B93F5C4D104B}.Release|Any CPU.ActiveCfg = Release|Any CPU
		{6033D527-EA0F-42C0-A7DC-B93F5C4D104B}.Release|Any CPU.Build.0 = Release|Any CPU
		{096AED12-0B5F-4691-9D20-B27B13D78A88}.Debug|Any CPU.ActiveCfg = Debug|Any CPU
		{096AED12-0B5F-4691-9D20-B27B13D78A88}.Debug|Any CPU.Build.0 = Debug|Any CPU
		{096AED12-0B5F-4691-9D20-B27B13D78A88}.Release|Any CPU.ActiveCfg = Release|Any CPU
		{096AED12-0B5F-4691-9D20-B27B13D78A88}.Release|Any CPU.Build.0 = Release|Any CPU
		{231D16C8-9B01-4E38-8CE4-1616F4AEE26A}.Debug|Any CPU.ActiveCfg = Debug|Any CPU
		{231D16C8-9B01-4E38-8CE4-1616F4AEE26A}.Debug|Any CPU.Build.0 = Debug|Any CPU
		{231D16C8-9B01-4E38-8CE4-1616F4AEE26A}.Release|Any CPU.ActiveCfg = Release|Any CPU
		{231D16C8-9B01-4E38-8CE4-1616F4AEE26A}.Release|Any CPU.Build.0 = Release|Any CPU
		{CC2EC254-9148-46A9-8AB7-38B89B3A32A7}.Debug|Any CPU.ActiveCfg = Debug|Any CPU
		{CC2EC254-9148-46A9-8AB7-38B89B3A32A7}.Debug|Any CPU.Build.0 = Debug|Any CPU
		{CC2EC254-9148-46A9-8AB7-38B89B3A32A7}.Release|Any CPU.ActiveCfg = Release|Any CPU
		{CC2EC254-9148-46A9-8AB7-38B89B3A32A7}.Release|Any CPU.Build.0 = Release|Any CPU
		{01B5D5D7-7A26-4843-AEAF-8E195D5134A3}.Debug|Any CPU.ActiveCfg = Debug|Any CPU
		{01B5D5D7-7A26-4843-AEAF-8E195D5134A3}.Debug|Any CPU.Build.0 = Debug|Any CPU
		{01B5D5D7-7A26-4843-AEAF-8E195D5134A3}.Release|Any CPU.ActiveCfg = Release|Any CPU
		{01B5D5D7-7A26-4843-AEAF-8E195D5134A3}.Release|Any CPU.Build.0 = Release|Any CPU
		{82403437-51A8-4B93-A9DC-4502C25A4454}.Debug|Any CPU.ActiveCfg = Debug|Any CPU
		{82403437-51A8-4B93-A9DC-4502C25A4454}.Debug|Any CPU.Build.0 = Debug|Any CPU
		{82403437-51A8-4B93-A9DC-4502C25A4454}.Release|Any CPU.ActiveCfg = Release|Any CPU
		{82403437-51A8-4B93-A9DC-4502C25A4454}.Release|Any CPU.Build.0 = Release|Any CPU
		{76D36FCB-AD89-427E-AFF1-5F44075D1019}.Debug|Any CPU.ActiveCfg = Debug|Any CPU
		{76D36FCB-AD89-427E-AFF1-5F44075D1019}.Debug|Any CPU.Build.0 = Debug|Any CPU
		{76D36FCB-AD89-427E-AFF1-5F44075D1019}.Release|Any CPU.ActiveCfg = Release|Any CPU
		{76D36FCB-AD89-427E-AFF1-5F44075D1019}.Release|Any CPU.Build.0 = Release|Any CPU
		{22F6AAC7-A166-41B0-963C-EE0ED2A547B0}.Debug|Any CPU.ActiveCfg = Debug|Any CPU
		{22F6AAC7-A166-41B0-963C-EE0ED2A547B0}.Debug|Any CPU.Build.0 = Debug|Any CPU
		{22F6AAC7-A166-41B0-963C-EE0ED2A547B0}.Release|Any CPU.ActiveCfg = Release|Any CPU
		{22F6AAC7-A166-41B0-963C-EE0ED2A547B0}.Release|Any CPU.Build.0 = Release|Any CPU
		{186238DC-1112-470A-B8C0-4BECA41C4A7D}.Debug|Any CPU.ActiveCfg = Debug|Any CPU
		{186238DC-1112-470A-B8C0-4BECA41C4A7D}.Debug|Any CPU.Build.0 = Debug|Any CPU
		{186238DC-1112-470A-B8C0-4BECA41C4A7D}.Release|Any CPU.ActiveCfg = Release|Any CPU
		{186238DC-1112-470A-B8C0-4BECA41C4A7D}.Release|Any CPU.Build.0 = Release|Any CPU
		{1B6A8175-22BA-4C11-A05A-4D077027B1F7}.Debug|Any CPU.ActiveCfg = Debug|Any CPU
		{1B6A8175-22BA-4C11-A05A-4D077027B1F7}.Debug|Any CPU.Build.0 = Debug|Any CPU
		{1B6A8175-22BA-4C11-A05A-4D077027B1F7}.Release|Any CPU.ActiveCfg = Release|Any CPU
		{1B6A8175-22BA-4C11-A05A-4D077027B1F7}.Release|Any CPU.Build.0 = Release|Any CPU
		{92C2DAB2-5141-43BA-8FFD-93B8B8B9EB0E}.Debug|Any CPU.ActiveCfg = Debug|Any CPU
		{92C2DAB2-5141-43BA-8FFD-93B8B8B9EB0E}.Debug|Any CPU.Build.0 = Debug|Any CPU
		{92C2DAB2-5141-43BA-8FFD-93B8B8B9EB0E}.Release|Any CPU.ActiveCfg = Release|Any CPU
		{92C2DAB2-5141-43BA-8FFD-93B8B8B9EB0E}.Release|Any CPU.Build.0 = Release|Any CPU
	EndGlobalSection
	GlobalSection(SolutionProperties) = preSolution
		HideSolutionNode = FALSE
	EndGlobalSection
	GlobalSection(NestedProjects) = preSolution
		{6033D527-EA0F-42C0-A7DC-B93F5C4D104B} = {54D52FD3-0A95-47C4-BD3C-84F26F66F730}
		{096AED12-0B5F-4691-9D20-B27B13D78A88} = {E182B750-70C9-4E40-9421-19887F8B9CB0}
		{231D16C8-9B01-4E38-8CE4-1616F4AEE26A} = {E182B750-70C9-4E40-9421-19887F8B9CB0}
		{CC2EC254-9148-46A9-8AB7-38B89B3A32A7} = {E182B750-70C9-4E40-9421-19887F8B9CB0}
		{01B5D5D7-7A26-4843-AEAF-8E195D5134A3} = {E182B750-70C9-4E40-9421-19887F8B9CB0}
		{82403437-51A8-4B93-A9DC-4502C25A4454} = {993C2CC4-7F5B-4E30-B659-35262DE6E082}
		{76D36FCB-AD89-427E-AFF1-5F44075D1019} = {E182B750-70C9-4E40-9421-19887F8B9CB0}
		{22F6AAC7-A166-41B0-963C-EE0ED2A547B0} = {E1B94DD2-53D9-4AF5-BA9C-5C8B537E0489}
		{186238DC-1112-470A-B8C0-4BECA41C4A7D} = {E182B750-70C9-4E40-9421-19887F8B9CB0}
		{1B6A8175-22BA-4C11-A05A-4D077027B1F7} = {E182B750-70C9-4E40-9421-19887F8B9CB0}
		{92C2DAB2-5141-43BA-8FFD-93B8B8B9EB0E} = {265158D7-F21D-4582-90E7-F05038F17B07}
	EndGlobalSection
	GlobalSection(ExtensibilityGlobals) = postSolution
		SolutionGuid = {1797E896-1AFD-4565-98E6-F244BC5D8806}
	EndGlobalSection
EndGlobal
